
Microsoft Visual Studio Solution File, Format Version 12.00
# Visual Studio 15
VisualStudioVersion = 15.0.28105.3064
MinimumVisualStudioVersion = 10.0.40219.1
Project("{FAE04EC0-301F-11D3-BF4B-00C04F79EFBC}") = "PackageSecurity", "src\PackageSecurity.csproj", "{3B2C7791-DF56-4912-93E9-6063A0663842}"
EndProject
Project("{FAE04EC0-301F-11D3-BF4B-00C04F79EFBC}") = "PackageSecurity.Test", "Test\PackageSecurity.Test.csproj", "{4FCB1AEA-9371-4EB0-B79A-EED57C7D6265}"
EndProject
Project("{2150E333-8FDC-42A3-9474-1A3956D46DE8}") = "Solution Items", "Solution Items", "{DE01F11D-B7CD-4F36-A290-63963E1445B5}"
	ProjectSection(SolutionItems) = preProject
		appveyor.yml = appveyor.yml
		CHANGELOG.md = CHANGELOG.md
		Download.ps1 = Download.ps1
		README.md = README.md
	EndProjectSection
EndProject
Global
	GlobalSection(SolutionConfigurationPlatforms) = preSolution
		Debug|Any CPU = Debug|Any CPU
		Release|Any CPU = Release|Any CPU
	EndGlobalSection
	GlobalSection(ProjectConfigurationPlatforms) = postSolution
		{3B2C7791-DF56-4912-93E9-6063A0663842}.Debug|Any CPU.ActiveCfg = Debug|Any CPU
		{3B2C7791-DF56-4912-93E9-6063A0663842}.Debug|Any CPU.Build.0 = Debug|Any CPU
		{3B2C7791-DF56-4912-93E9-6063A0663842}.Release|Any CPU.ActiveCfg = Release|Any CPU
		{3B2C7791-DF56-4912-93E9-6063A0663842}.Release|Any CPU.Build.0 = Release|Any CPU
		{4FCB1AEA-9371-4EB0-B79A-EED57C7D6265}.Debug|Any CPU.ActiveCfg = Debug|Any CPU
		{4FCB1AEA-9371-4EB0-B79A-EED57C7D6265}.Debug|Any CPU.Build.0 = Debug|Any CPU
		{4FCB1AEA-9371-4EB0-B79A-EED57C7D6265}.Release|Any CPU.ActiveCfg = Release|Any CPU
		{4FCB1AEA-9371-4EB0-B79A-EED57C7D6265}.Release|Any CPU.Build.0 = Release|Any CPU
	EndGlobalSection
	GlobalSection(SolutionProperties) = preSolution
		HideSolutionNode = FALSE
	EndGlobalSection
	GlobalSection(ExtensibilityGlobals) = postSolution
		SolutionGuid = {838FDA1A-FBCD-450A-92E7-FEBBFD68365F}
	EndGlobalSection
EndGlobal
